// !$*UTF8*$!
{
	archiveVersion = 1;
	classes = {
	};
	objectVersion = 55;
	objects = {

/* Begin PBXBuildFile section */
		30A2F8CD04A2EFD43F11AED1 /* Pods_D_Chat_D_ChatUITests.framework in Frameworks */ = {isa = PBXBuildFile; fileRef = 4B451555F7B0C68752635224 /* Pods_D_Chat_D_ChatUITests.framework */; };
		3D2CDC33293B54F20006A612 /* FriendListModel.swift in Sources */ = {isa = PBXBuildFile; fileRef = 3D2CDC32293B54F20006A612 /* FriendListModel.swift */; };
		3D2CDC35293B54FD0006A612 /* TalkListModel.swift in Sources */ = {isa = PBXBuildFile; fileRef = 3D2CDC34293B54FD0006A612 /* TalkListModel.swift */; };
		3D2CDC38293B55910006A612 /* Friend.swift in Sources */ = {isa = PBXBuildFile; fileRef = 3D2CDC37293B55910006A612 /* Friend.swift */; };
		3D2CDC3A293B55960006A612 /* Talk.swift in Sources */ = {isa = PBXBuildFile; fileRef = 3D2CDC39293B55960006A612 /* Talk.swift */; };
		3D6E032B2938FD0E00844F62 /* FriendListViewController.swift in Sources */ = {isa = PBXBuildFile; fileRef = 3D6E03292938FD0E00844F62 /* FriendListViewController.swift */; };
		3D6E032C2938FD0E00844F62 /* FriendListViewController.xib in Resources */ = {isa = PBXBuildFile; fileRef = 3D6E032A2938FD0E00844F62 /* FriendListViewController.xib */; };
		3D6E032F2938FD2900844F62 /* TalkListViewController.swift in Sources */ = {isa = PBXBuildFile; fileRef = 3D6E032D2938FD2900844F62 /* TalkListViewController.swift */; };
		3D6E03302938FD2900844F62 /* TalkListViewController.xib in Resources */ = {isa = PBXBuildFile; fileRef = 3D6E032E2938FD2900844F62 /* TalkListViewController.xib */; };
		3D6E5AB72934F97400A74B0F /* AppDelegate.swift in Sources */ = {isa = PBXBuildFile; fileRef = 3D6E5AB62934F97400A74B0F /* AppDelegate.swift */; };
		3D6E5AB92934F97400A74B0F /* SceneDelegate.swift in Sources */ = {isa = PBXBuildFile; fileRef = 3D6E5AB82934F97400A74B0F /* SceneDelegate.swift */; };
		3D6E5ABB2934F97400A74B0F /* ChatTabViewController.swift in Sources */ = {isa = PBXBuildFile; fileRef = 3D6E5ABA2934F97400A74B0F /* ChatTabViewController.swift */; };
		3D6E5ABE2934F97400A74B0F /* ChatTabViewController.storyboard in Resources */ = {isa = PBXBuildFile; fileRef = 3D6E5ABC2934F97400A74B0F /* ChatTabViewController.storyboard */; };
		3D6E5AC02934F97600A74B0F /* Assets.xcassets in Resources */ = {isa = PBXBuildFile; fileRef = 3D6E5ABF2934F97600A74B0F /* Assets.xcassets */; };
		3D6E5AC32934F97600A74B0F /* LaunchScreen.storyboard in Resources */ = {isa = PBXBuildFile; fileRef = 3D6E5AC12934F97600A74B0F /* LaunchScreen.storyboard */; };
		3D6E5ACE2934F97600A74B0F /* D_ChatTests.swift in Sources */ = {isa = PBXBuildFile; fileRef = 3D6E5ACD2934F97600A74B0F /* D_ChatTests.swift */; };
		3D6E5AD82934F97600A74B0F /* D_ChatUITests.swift in Sources */ = {isa = PBXBuildFile; fileRef = 3D6E5AD72934F97600A74B0F /* D_ChatUITests.swift */; };
		3D6E5ADA2934F97600A74B0F /* D_ChatUITestsLaunchTests.swift in Sources */ = {isa = PBXBuildFile; fileRef = 3D6E5AD92934F97600A74B0F /* D_ChatUITestsLaunchTests.swift */; };
		A899CF79D3F06E9536F18E2B /* Pods_D_Chat.framework in Frameworks */ = {isa = PBXBuildFile; fileRef = 3B28CA3F9E76FC42B29B887F /* Pods_D_Chat.framework */; };
		FF0B206CD4C0F949EECC0F00 /* Pods_D_ChatTests.framework in Frameworks */ = {isa = PBXBuildFile; fileRef = 3A8D95A5AF2DBBE60E3B1565 /* Pods_D_ChatTests.framework */; };
/* End PBXBuildFile section */

/* Begin PBXContainerItemProxy section */
		3D6E5ACA2934F97600A74B0F /* PBXContainerItemProxy */ = {
			isa = PBXContainerItemProxy;
			containerPortal = 3D6E5AAB2934F97400A74B0F /* Project object */;
			proxyType = 1;
			remoteGlobalIDString = 3D6E5AB22934F97400A74B0F;
			remoteInfo = "D-Chat";
		};
		3D6E5AD42934F97600A74B0F /* PBXContainerItemProxy */ = {
			isa = PBXContainerItemProxy;
			containerPortal = 3D6E5AAB2934F97400A74B0F /* Project object */;
			proxyType = 1;
			remoteGlobalIDString = 3D6E5AB22934F97400A74B0F;
			remoteInfo = "D-Chat";
		};
/* End PBXContainerItemProxy section */

/* Begin PBXFileReference section */
		17E6DA0388EA1AF9EA99C15D /* Pods-D-Chat.debug.xcconfig */ = {isa = PBXFileReference; includeInIndex = 1; lastKnownFileType = text.xcconfig; name = "Pods-D-Chat.debug.xcconfig"; path = "Target Support Files/Pods-D-Chat/Pods-D-Chat.debug.xcconfig"; sourceTree = "<group>"; };
		3A8D95A5AF2DBBE60E3B1565 /* Pods_D_ChatTests.framework */ = {isa = PBXFileReference; explicitFileType = wrapper.framework; includeInIndex = 0; path = Pods_D_ChatTests.framework; sourceTree = BUILT_PRODUCTS_DIR; };
		3B28CA3F9E76FC42B29B887F /* Pods_D_Chat.framework */ = {isa = PBXFileReference; explicitFileType = wrapper.framework; includeInIndex = 0; path = Pods_D_Chat.framework; sourceTree = BUILT_PRODUCTS_DIR; };
		3D2CDC32293B54F20006A612 /* FriendListModel.swift */ = {isa = PBXFileReference; lastKnownFileType = sourcecode.swift; path = FriendListModel.swift; sourceTree = "<group>"; };
		3D2CDC34293B54FD0006A612 /* TalkListModel.swift */ = {isa = PBXFileReference; lastKnownFileType = sourcecode.swift; path = TalkListModel.swift; sourceTree = "<group>"; };
		3D2CDC37293B55910006A612 /* Friend.swift */ = {isa = PBXFileReference; lastKnownFileType = sourcecode.swift; path = Friend.swift; sourceTree = "<group>"; };
		3D2CDC39293B55960006A612 /* Talk.swift */ = {isa = PBXFileReference; lastKnownFileType = sourcecode.swift; path = Talk.swift; sourceTree = "<group>"; };
		3D6E03292938FD0E00844F62 /* FriendListViewController.swift */ = {isa = PBXFileReference; lastKnownFileType = sourcecode.swift; path = FriendListViewController.swift; sourceTree = "<group>"; };
		3D6E032A2938FD0E00844F62 /* FriendListViewController.xib */ = {isa = PBXFileReference; lastKnownFileType = file.xib; path = FriendListViewController.xib; sourceTree = "<group>"; };
		3D6E032D2938FD2900844F62 /* TalkListViewController.swift */ = {isa = PBXFileReference; lastKnownFileType = sourcecode.swift; path = TalkListViewController.swift; sourceTree = "<group>"; };
		3D6E032E2938FD2900844F62 /* TalkListViewController.xib */ = {isa = PBXFileReference; lastKnownFileType = file.xib; path = TalkListViewController.xib; sourceTree = "<group>"; };
		3D6E5AB32934F97400A74B0F /* D-Chat.app */ = {isa = PBXFileReference; explicitFileType = wrapper.application; includeInIndex = 0; path = "D-Chat.app"; sourceTree = BUILT_PRODUCTS_DIR; };
		3D6E5AB62934F97400A74B0F /* AppDelegate.swift */ = {isa = PBXFileReference; lastKnownFileType = sourcecode.swift; path = AppDelegate.swift; sourceTree = "<group>"; };
		3D6E5AB82934F97400A74B0F /* SceneDelegate.swift */ = {isa = PBXFileReference; lastKnownFileType = sourcecode.swift; path = SceneDelegate.swift; sourceTree = "<group>"; };
		3D6E5ABA2934F97400A74B0F /* ChatTabViewController.swift */ = {isa = PBXFileReference; lastKnownFileType = sourcecode.swift; path = ChatTabViewController.swift; sourceTree = "<group>"; };
		3D6E5ABD2934F97400A74B0F /* Base */ = {isa = PBXFileReference; lastKnownFileType = file.storyboard; name = Base; path = Base.lproj/ChatTabViewController.storyboard; sourceTree = "<group>"; };
		3D6E5ABF2934F97600A74B0F /* Assets.xcassets */ = {isa = PBXFileReference; lastKnownFileType = folder.assetcatalog; path = Assets.xcassets; sourceTree = "<group>"; };
		3D6E5AC22934F97600A74B0F /* Base */ = {isa = PBXFileReference; lastKnownFileType = file.storyboard; name = Base; path = Base.lproj/LaunchScreen.storyboard; sourceTree = "<group>"; };
		3D6E5AC42934F97600A74B0F /* Info.plist */ = {isa = PBXFileReference; lastKnownFileType = text.plist.xml; path = Info.plist; sourceTree = "<group>"; };
		3D6E5AC92934F97600A74B0F /* D-ChatTests.xctest */ = {isa = PBXFileReference; explicitFileType = wrapper.cfbundle; includeInIndex = 0; path = "D-ChatTests.xctest"; sourceTree = BUILT_PRODUCTS_DIR; };
		3D6E5ACD2934F97600A74B0F /* D_ChatTests.swift */ = {isa = PBXFileReference; lastKnownFileType = sourcecode.swift; path = D_ChatTests.swift; sourceTree = "<group>"; };
		3D6E5AD32934F97600A74B0F /* D-ChatUITests.xctest */ = {isa = PBXFileReference; explicitFileType = wrapper.cfbundle; includeInIndex = 0; path = "D-ChatUITests.xctest"; sourceTree = BUILT_PRODUCTS_DIR; };
		3D6E5AD72934F97600A74B0F /* D_ChatUITests.swift */ = {isa = PBXFileReference; lastKnownFileType = sourcecode.swift; path = D_ChatUITests.swift; sourceTree = "<group>"; };
		3D6E5AD92934F97600A74B0F /* D_ChatUITestsLaunchTests.swift */ = {isa = PBXFileReference; lastKnownFileType = sourcecode.swift; path = D_ChatUITestsLaunchTests.swift; sourceTree = "<group>"; };
		4B451555F7B0C68752635224 /* Pods_D_Chat_D_ChatUITests.framework */ = {isa = PBXFileReference; explicitFileType = wrapper.framework; includeInIndex = 0; path = Pods_D_Chat_D_ChatUITests.framework; sourceTree = BUILT_PRODUCTS_DIR; };
		50B646757BE28E1BF10B9408 /* Pods-D-ChatTests.release.xcconfig */ = {isa = PBXFileReference; includeInIndex = 1; lastKnownFileType = text.xcconfig; name = "Pods-D-ChatTests.release.xcconfig"; path = "Target Support Files/Pods-D-ChatTests/Pods-D-ChatTests.release.xcconfig"; sourceTree = "<group>"; };
		5A73634685960C21573010EE /* Pods-D-Chat-D-ChatUITests.release.xcconfig */ = {isa = PBXFileReference; includeInIndex = 1; lastKnownFileType = text.xcconfig; name = "Pods-D-Chat-D-ChatUITests.release.xcconfig"; path = "Target Support Files/Pods-D-Chat-D-ChatUITests/Pods-D-Chat-D-ChatUITests.release.xcconfig"; sourceTree = "<group>"; };
		62772A687AAE05565C522068 /* Pods-D-ChatTests.debug.xcconfig */ = {isa = PBXFileReference; includeInIndex = 1; lastKnownFileType = text.xcconfig; name = "Pods-D-ChatTests.debug.xcconfig"; path = "Target Support Files/Pods-D-ChatTests/Pods-D-ChatTests.debug.xcconfig"; sourceTree = "<group>"; };
		75C2A503E2EBFB964E1A6AC8 /* Pods-D-Chat.release.xcconfig */ = {isa = PBXFileReference; includeInIndex = 1; lastKnownFileType = text.xcconfig; name = "Pods-D-Chat.release.xcconfig"; path = "Target Support Files/Pods-D-Chat/Pods-D-Chat.release.xcconfig"; sourceTree = "<group>"; };
		C74FFEDF45D4E03B4A1AFD49 /* Pods-D-Chat-D-ChatUITests.debug.xcconfig */ = {isa = PBXFileReference; includeInIndex = 1; lastKnownFileType = text.xcconfig; name = "Pods-D-Chat-D-ChatUITests.debug.xcconfig"; path = "Target Support Files/Pods-D-Chat-D-ChatUITests/Pods-D-Chat-D-ChatUITests.debug.xcconfig"; sourceTree = "<group>"; };
/* End PBXFileReference section */

/* Begin PBXFrameworksBuildPhase section */
		3D6E5AB02934F97400A74B0F /* Frameworks */ = {
			isa = PBXFrameworksBuildPhase;
			buildActionMask = 2147483647;
			files = (
				A899CF79D3F06E9536F18E2B /* Pods_D_Chat.framework in Frameworks */,
			);
			runOnlyForDeploymentPostprocessing = 0;
		};
		3D6E5AC62934F97600A74B0F /* Frameworks */ = {
			isa = PBXFrameworksBuildPhase;
			buildActionMask = 2147483647;
			files = (
				FF0B206CD4C0F949EECC0F00 /* Pods_D_ChatTests.framework in Frameworks */,
			);
			runOnlyForDeploymentPostprocessing = 0;
		};
		3D6E5AD02934F97600A74B0F /* Frameworks */ = {
			isa = PBXFrameworksBuildPhase;
			buildActionMask = 2147483647;
			files = (
				30A2F8CD04A2EFD43F11AED1 /* Pods_D_Chat_D_ChatUITests.framework in Frameworks */,
			);
			runOnlyForDeploymentPostprocessing = 0;
		};
/* End PBXFrameworksBuildPhase section */

/* Begin PBXGroup section */
		0EC1F35867933415A4C5D641 /* Frameworks */ = {
			isa = PBXGroup;
			children = (
				3B28CA3F9E76FC42B29B887F /* Pods_D_Chat.framework */,
				4B451555F7B0C68752635224 /* Pods_D_Chat_D_ChatUITests.framework */,
				3A8D95A5AF2DBBE60E3B1565 /* Pods_D_ChatTests.framework */,
			);
			name = Frameworks;
			sourceTree = "<group>";
		};
		3D2CDC31293B54DD0006A612 /* Models */ = {
			isa = PBXGroup;
			children = (
				3D2CDC36293B55870006A612 /* ViewDataModels */,
				3D2CDC32293B54F20006A612 /* FriendListModel.swift */,
				3D2CDC34293B54FD0006A612 /* TalkListModel.swift */,
			);
			path = Models;
			sourceTree = "<group>";
		};
		3D2CDC36293B55870006A612 /* ViewDataModels */ = {
			isa = PBXGroup;
			children = (
				3D2CDC37293B55910006A612 /* Friend.swift */,
				3D2CDC39293B55960006A612 /* Talk.swift */,
			);
			path = ViewDataModels;
			sourceTree = "<group>";
		};
		3D6E03282938FCD000844F62 /* ViewControllers */ = {
			isa = PBXGroup;
			children = (
				3D6E5ABA2934F97400A74B0F /* ChatTabViewController.swift */,
				3D6E5ABC2934F97400A74B0F /* ChatTabViewController.storyboard */,
				3D6E03292938FD0E00844F62 /* FriendListViewController.swift */,
				3D6E032A2938FD0E00844F62 /* FriendListViewController.xib */,
				3D6E032D2938FD2900844F62 /* TalkListViewController.swift */,
				3D6E032E2938FD2900844F62 /* TalkListViewController.xib */,
			);
			path = ViewControllers;
			sourceTree = "<group>";
		};
		3D6E5AAA2934F97400A74B0F = {
			isa = PBXGroup;
			children = (
				3D6E5AB52934F97400A74B0F /* D-Chat */,
				3D6E5ACC2934F97600A74B0F /* D-ChatTests */,
				3D6E5AD62934F97600A74B0F /* D-ChatUITests */,
				3D6E5AB42934F97400A74B0F /* Products */,
				D32C057D3D54DC2A55628F83 /* Pods */,
				0EC1F35867933415A4C5D641 /* Frameworks */,
			);
			sourceTree = "<group>";
		};
		3D6E5AB42934F97400A74B0F /* Products */ = {
			isa = PBXGroup;
			children = (
				3D6E5AB32934F97400A74B0F /* D-Chat.app */,
				3D6E5AC92934F97600A74B0F /* D-ChatTests.xctest */,
				3D6E5AD32934F97600A74B0F /* D-ChatUITests.xctest */,
			);
			name = Products;
			sourceTree = "<group>";
		};
		3D6E5AB52934F97400A74B0F /* D-Chat */ = {
			isa = PBXGroup;
			children = (
				3D6E03282938FCD000844F62 /* ViewControllers */,
				3D2CDC31293B54DD0006A612 /* Models */,
				3D6E5AB62934F97400A74B0F /* AppDelegate.swift */,
				3D6E5AB82934F97400A74B0F /* SceneDelegate.swift */,
				3D6E5ABF2934F97600A74B0F /* Assets.xcassets */,
				3D6E5AC12934F97600A74B0F /* LaunchScreen.storyboard */,
				3D6E5AC42934F97600A74B0F /* Info.plist */,
			);
			path = "D-Chat";
			sourceTree = "<group>";
		};
		3D6E5ACC2934F97600A74B0F /* D-ChatTests */ = {
			isa = PBXGroup;
			children = (
				3D6E5ACD2934F97600A74B0F /* D_ChatTests.swift */,
			);
			path = "D-ChatTests";
			sourceTree = "<group>";
		};
		3D6E5AD62934F97600A74B0F /* D-ChatUITests */ = {
			isa = PBXGroup;
			children = (
				3D6E5AD72934F97600A74B0F /* D_ChatUITests.swift */,
				3D6E5AD92934F97600A74B0F /* D_ChatUITestsLaunchTests.swift */,
			);
			path = "D-ChatUITests";
			sourceTree = "<group>";
		};
		D32C057D3D54DC2A55628F83 /* Pods */ = {
			isa = PBXGroup;
			children = (
				17E6DA0388EA1AF9EA99C15D /* Pods-D-Chat.debug.xcconfig */,
				75C2A503E2EBFB964E1A6AC8 /* Pods-D-Chat.release.xcconfig */,
				C74FFEDF45D4E03B4A1AFD49 /* Pods-D-Chat-D-ChatUITests.debug.xcconfig */,
				5A73634685960C21573010EE /* Pods-D-Chat-D-ChatUITests.release.xcconfig */,
				62772A687AAE05565C522068 /* Pods-D-ChatTests.debug.xcconfig */,
				50B646757BE28E1BF10B9408 /* Pods-D-ChatTests.release.xcconfig */,
			);
			path = Pods;
			sourceTree = "<group>";
		};
/* End PBXGroup section */

/* Begin PBXNativeTarget section */
		3D6E5AB22934F97400A74B0F /* D-Chat */ = {
			isa = PBXNativeTarget;
			buildConfigurationList = 3D6E5ADD2934F97600A74B0F /* Build configuration list for PBXNativeTarget "D-Chat" */;
			buildPhases = (
				6312F2B2F47C5DADEA7CE2EC /* [CP] Check Pods Manifest.lock */,
				3D2CDC3B293B6C2C0006A612 /* ShellScript */,
				3D6E5AAF2934F97400A74B0F /* Sources */,
				3D6E5AB02934F97400A74B0F /* Frameworks */,
				3D6E5AB12934F97400A74B0F /* Resources */,
			);
			buildRules = (
			);
			dependencies = (
			);
			name = "D-Chat";
			productName = "D-Chat";
			productReference = 3D6E5AB32934F97400A74B0F /* D-Chat.app */;
			productType = "com.apple.product-type.application";
		};
		3D6E5AC82934F97600A74B0F /* D-ChatTests */ = {
			isa = PBXNativeTarget;
			buildConfigurationList = 3D6E5AE02934F97600A74B0F /* Build configuration list for PBXNativeTarget "D-ChatTests" */;
			buildPhases = (
				BD598E1B4B48ECCD16C33FCE /* [CP] Check Pods Manifest.lock */,
				3D6E5AC52934F97600A74B0F /* Sources */,
				3D6E5AC62934F97600A74B0F /* Frameworks */,
				3D6E5AC72934F97600A74B0F /* Resources */,
			);
			buildRules = (
			);
			dependencies = (
				3D6E5ACB2934F97600A74B0F /* PBXTargetDependency */,
			);
			name = "D-ChatTests";
			productName = "D-ChatTests";
			productReference = 3D6E5AC92934F97600A74B0F /* D-ChatTests.xctest */;
			productType = "com.apple.product-type.bundle.unit-test";
		};
		3D6E5AD22934F97600A74B0F /* D-ChatUITests */ = {
			isa = PBXNativeTarget;
			buildConfigurationList = 3D6E5AE32934F97600A74B0F /* Build configuration list for PBXNativeTarget "D-ChatUITests" */;
			buildPhases = (
				A99E5735A57AB9E72B3611B5 /* [CP] Check Pods Manifest.lock */,
				3D6E5ACF2934F97600A74B0F /* Sources */,
				3D6E5AD02934F97600A74B0F /* Frameworks */,
				3D6E5AD12934F97600A74B0F /* Resources */,
			);
			buildRules = (
			);
			dependencies = (
				3D6E5AD52934F97600A74B0F /* PBXTargetDependency */,
			);
			name = "D-ChatUITests";
			productName = "D-ChatUITests";
			productReference = 3D6E5AD32934F97600A74B0F /* D-ChatUITests.xctest */;
			productType = "com.apple.product-type.bundle.ui-testing";
		};
/* End PBXNativeTarget section */

/* Begin PBXProject section */
		3D6E5AAB2934F97400A74B0F /* Project object */ = {
			isa = PBXProject;
			attributes = {
				BuildIndependentTargetsInParallel = 1;
				LastSwiftUpdateCheck = 1340;
				LastUpgradeCheck = 1340;
				TargetAttributes = {
					3D6E5AB22934F97400A74B0F = {
						CreatedOnToolsVersion = 13.4.1;
					};
					3D6E5AC82934F97600A74B0F = {
						CreatedOnToolsVersion = 13.4.1;
						TestTargetID = 3D6E5AB22934F97400A74B0F;
					};
					3D6E5AD22934F97600A74B0F = {
						CreatedOnToolsVersion = 13.4.1;
						TestTargetID = 3D6E5AB22934F97400A74B0F;
					};
				};
			};
			buildConfigurationList = 3D6E5AAE2934F97400A74B0F /* Build configuration list for PBXProject "D-Chat" */;
			compatibilityVersion = "Xcode 13.0";
			developmentRegion = en;
			hasScannedForEncodings = 0;
			knownRegions = (
				en,
				Base,
			);
			mainGroup = 3D6E5AAA2934F97400A74B0F;
			productRefGroup = 3D6E5AB42934F97400A74B0F /* Products */;
			projectDirPath = "";
			projectRoot = "";
			targets = (
				3D6E5AB22934F97400A74B0F /* D-Chat */,
				3D6E5AC82934F97600A74B0F /* D-ChatTests */,
				3D6E5AD22934F97600A74B0F /* D-ChatUITests */,
			);
		};
/* End PBXProject section */

/* Begin PBXResourcesBuildPhase section */
		3D6E5AB12934F97400A74B0F /* Resources */ = {
			isa = PBXResourcesBuildPhase;
			buildActionMask = 2147483647;
			files = (
				3D6E032C2938FD0E00844F62 /* FriendListViewController.xib in Resources */,
				3D6E5AC32934F97600A74B0F /* LaunchScreen.storyboard in Resources */,
				3D6E5AC02934F97600A74B0F /* Assets.xcassets in Resources */,
				3D6E5ABE2934F97400A74B0F /* ChatTabViewController.storyboard in Resources */,
				3D6E03302938FD2900844F62 /* TalkListViewController.xib in Resources */,
			);
			runOnlyForDeploymentPostprocessing = 0;
		};
		3D6E5AC72934F97600A74B0F /* Resources */ = {
			isa = PBXResourcesBuildPhase;
			buildActionMask = 2147483647;
			files = (
			);
			runOnlyForDeploymentPostprocessing = 0;
		};
		3D6E5AD12934F97600A74B0F /* Resources */ = {
			isa = PBXResourcesBuildPhase;
			buildActionMask = 2147483647;
			files = (
			);
			runOnlyForDeploymentPostprocessing = 0;
		};
/* End PBXResourcesBuildPhase section */

/* Begin PBXShellScriptBuildPhase section */
		3D2CDC3B293B6C2C0006A612 /* ShellScript */ = {
			isa = PBXShellScriptBuildPhase;
			buildActionMask = 2147483647;
			files = (
			);
			inputFileListPaths = (
			);
			inputPaths = (
			);
			outputFileListPaths = (
			);
			outputPaths = (
			);
			runOnlyForDeploymentPostprocessing = 0;
			shellPath = /bin/sh;
			shellScript = "if which \"${PODS_ROOT}/SwiftLint/swiftlint\" >/dev/null; then\n  \"${PODS_ROOT}/SwiftLint/swiftlint\" --autocorrect\nelse\n  echo \"warning: SwiftLint not installed, download from https://github.com/realm/SwiftLint\"\nfi\n";
		};
		6312F2B2F47C5DADEA7CE2EC /* [CP] Check Pods Manifest.lock */ = {
			isa = PBXShellScriptBuildPhase;
			buildActionMask = 2147483647;
			files = (
			);
			inputFileListPaths = (
			);
			inputPaths = (
				"${PODS_PODFILE_DIR_PATH}/Podfile.lock",
				"${PODS_ROOT}/Manifest.lock",
			);
			name = "[CP] Check Pods Manifest.lock";
			outputFileListPaths = (
			);
			outputPaths = (
				"$(DERIVED_FILE_DIR)/Pods-D-Chat-checkManifestLockResult.txt",
			);
			runOnlyForDeploymentPostprocessing = 0;
			shellPath = /bin/sh;
			shellScript = "diff \"${PODS_PODFILE_DIR_PATH}/Podfile.lock\" \"${PODS_ROOT}/Manifest.lock\" > /dev/null\nif [ $? != 0 ] ; then\n    # print error to STDERR\n    echo \"error: The sandbox is not in sync with the Podfile.lock. Run 'pod install' or update your CocoaPods installation.\" >&2\n    exit 1\nfi\n# This output is used by Xcode 'outputs' to avoid re-running this script phase.\necho \"SUCCESS\" > \"${SCRIPT_OUTPUT_FILE_0}\"\n";
			showEnvVarsInLog = 0;
		};
		A99E5735A57AB9E72B3611B5 /* [CP] Check Pods Manifest.lock */ = {
			isa = PBXShellScriptBuildPhase;
			buildActionMask = 2147483647;
			files = (
			);
			inputFileListPaths = (
			);
			inputPaths = (
				"${PODS_PODFILE_DIR_PATH}/Podfile.lock",
				"${PODS_ROOT}/Manifest.lock",
			);
			name = "[CP] Check Pods Manifest.lock";
			outputFileListPaths = (
			);
			outputPaths = (
				"$(DERIVED_FILE_DIR)/Pods-D-Chat-D-ChatUITests-checkManifestLockResult.txt",
			);
			runOnlyForDeploymentPostprocessing = 0;
			shellPath = /bin/sh;
			shellScript = "diff \"${PODS_PODFILE_DIR_PATH}/Podfile.lock\" \"${PODS_ROOT}/Manifest.lock\" > /dev/null\nif [ $? != 0 ] ; then\n    # print error to STDERR\n    echo \"error: The sandbox is not in sync with the Podfile.lock. Run 'pod install' or update your CocoaPods installation.\" >&2\n    exit 1\nfi\n# This output is used by Xcode 'outputs' to avoid re-running this script phase.\necho \"SUCCESS\" > \"${SCRIPT_OUTPUT_FILE_0}\"\n";
			showEnvVarsInLog = 0;
		};
		BD598E1B4B48ECCD16C33FCE /* [CP] Check Pods Manifest.lock */ = {
			isa = PBXShellScriptBuildPhase;
			buildActionMask = 2147483647;
			files = (
			);
			inputFileListPaths = (
			);
			inputPaths = (
				"${PODS_PODFILE_DIR_PATH}/Podfile.lock",
				"${PODS_ROOT}/Manifest.lock",
			);
			name = "[CP] Check Pods Manifest.lock";
			outputFileListPaths = (
			);
			outputPaths = (
				"$(DERIVED_FILE_DIR)/Pods-D-ChatTests-checkManifestLockResult.txt",
			);
			runOnlyForDeploymentPostprocessing = 0;
			shellPath = /bin/sh;
			shellScript = "diff \"${PODS_PODFILE_DIR_PATH}/Podfile.lock\" \"${PODS_ROOT}/Manifest.lock\" > /dev/null\nif [ $? != 0 ] ; then\n    # print error to STDERR\n    echo \"error: The sandbox is not in sync with the Podfile.lock. Run 'pod install' or update your CocoaPods installation.\" >&2\n    exit 1\nfi\n# This output is used by Xcode 'outputs' to avoid re-running this script phase.\necho \"SUCCESS\" > \"${SCRIPT_OUTPUT_FILE_0}\"\n";
			showEnvVarsInLog = 0;
		};
/* End PBXShellScriptBuildPhase section */

/* Begin PBXSourcesBuildPhase section */
		3D6E5AAF2934F97400A74B0F /* Sources */ = {
			isa = PBXSourcesBuildPhase;
			buildActionMask = 2147483647;
			files = (
				3D6E032B2938FD0E00844F62 /* FriendListViewController.swift in Sources */,
				3D6E5ABB2934F97400A74B0F /* ChatTabViewController.swift in Sources */,
				3D6E032F2938FD2900844F62 /* TalkListViewController.swift in Sources */,
				3D2CDC33293B54F20006A612 /* FriendListModel.swift in Sources */,
				3D6E5AB72934F97400A74B0F /* AppDelegate.swift in Sources */,
				3D2CDC3A293B55960006A612 /* Talk.swift in Sources */,
				3D6E5AB92934F97400A74B0F /* SceneDelegate.swift in Sources */,
				3D2CDC35293B54FD0006A612 /* TalkListModel.swift in Sources */,
				3D2CDC38293B55910006A612 /* Friend.swift in Sources */,
			);
			runOnlyForDeploymentPostprocessing = 0;
		};
		3D6E5AC52934F97600A74B0F /* Sources */ = {
			isa = PBXSourcesBuildPhase;
			buildActionMask = 2147483647;
			files = (
				3D6E5ACE2934F97600A74B0F /* D_ChatTests.swift in Sources */,
			);
			runOnlyForDeploymentPostprocessing = 0;
		};
		3D6E5ACF2934F97600A74B0F /* Sources */ = {
			isa = PBXSourcesBuildPhase;
			buildActionMask = 2147483647;
			files = (
				3D6E5AD82934F97600A74B0F /* D_ChatUITests.swift in Sources */,
				3D6E5ADA2934F97600A74B0F /* D_ChatUITestsLaunchTests.swift in Sources */,
			);
			runOnlyForDeploymentPostprocessing = 0;
		};
/* End PBXSourcesBuildPhase section */

/* Begin PBXTargetDependency section */
		3D6E5ACB2934F97600A74B0F /* PBXTargetDependency */ = {
			isa = PBXTargetDependency;
			target = 3D6E5AB22934F97400A74B0F /* D-Chat */;
			targetProxy = 3D6E5ACA2934F97600A74B0F /* PBXContainerItemProxy */;
		};
		3D6E5AD52934F97600A74B0F /* PBXTargetDependency */ = {
			isa = PBXTargetDependency;
			target = 3D6E5AB22934F97400A74B0F /* D-Chat */;
			targetProxy = 3D6E5AD42934F97600A74B0F /* PBXContainerItemProxy */;
		};
/* End PBXTargetDependency section */

/* Begin PBXVariantGroup section */
		3D6E5ABC2934F97400A74B0F /* ChatTabViewController.storyboard */ = {
			isa = PBXVariantGroup;
			children = (
				3D6E5ABD2934F97400A74B0F /* Base */,
			);
			name = ChatTabViewController.storyboard;
			sourceTree = "<group>";
		};
		3D6E5AC12934F97600A74B0F /* LaunchScreen.storyboard */ = {
			isa = PBXVariantGroup;
			children = (
				3D6E5AC22934F97600A74B0F /* Base */,
			);
			name = LaunchScreen.storyboard;
			sourceTree = "<group>";
		};
/* End PBXVariantGroup section */

/* Begin XCBuildConfiguration section */
		3D6E5ADB2934F97600A74B0F /* Debug */ = {
			isa = XCBuildConfiguration;
			buildSettings = {
				ALWAYS_SEARCH_USER_PATHS = NO;
				CLANG_ANALYZER_NONNULL = YES;
				CLANG_ANALYZER_NUMBER_OBJECT_CONVERSION = YES_AGGRESSIVE;
				CLANG_CXX_LANGUAGE_STANDARD = "gnu++17";
				CLANG_ENABLE_MODULES = YES;
				CLANG_ENABLE_OBJC_ARC = YES;
				CLANG_ENABLE_OBJC_WEAK = YES;
				CLANG_WARN_BLOCK_CAPTURE_AUTORELEASING = YES;
				CLANG_WARN_BOOL_CONVERSION = YES;
				CLANG_WARN_COMMA = YES;
				CLANG_WARN_CONSTANT_CONVERSION = YES;
				CLANG_WARN_DEPRECATED_OBJC_IMPLEMENTATIONS = YES;
				CLANG_WARN_DIRECT_OBJC_ISA_USAGE = YES_ERROR;
				CLANG_WARN_DOCUMENTATION_COMMENTS = YES;
				CLANG_WARN_EMPTY_BODY = YES;
				CLANG_WARN_ENUM_CONVERSION = YES;
				CLANG_WARN_INFINITE_RECURSION = YES;
				CLANG_WARN_INT_CONVERSION = YES;
				CLANG_WARN_NON_LITERAL_NULL_CONVERSION = YES;
				CLANG_WARN_OBJC_IMPLICIT_RETAIN_SELF = YES;
				CLANG_WARN_OBJC_LITERAL_CONVERSION = YES;
				CLANG_WARN_OBJC_ROOT_CLASS = YES_ERROR;
				CLANG_WARN_QUOTED_INCLUDE_IN_FRAMEWORK_HEADER = YES;
				CLANG_WARN_RANGE_LOOP_ANALYSIS = YES;
				CLANG_WARN_STRICT_PROTOTYPES = YES;
				CLANG_WARN_SUSPICIOUS_MOVE = YES;
				CLANG_WARN_UNGUARDED_AVAILABILITY = YES_AGGRESSIVE;
				CLANG_WARN_UNREACHABLE_CODE = YES;
				CLANG_WARN__DUPLICATE_METHOD_MATCH = YES;
				COPY_PHASE_STRIP = NO;
				DEBUG_INFORMATION_FORMAT = dwarf;
				ENABLE_STRICT_OBJC_MSGSEND = YES;
				ENABLE_TESTABILITY = YES;
				GCC_C_LANGUAGE_STANDARD = gnu11;
				GCC_DYNAMIC_NO_PIC = NO;
				GCC_NO_COMMON_BLOCKS = YES;
				GCC_OPTIMIZATION_LEVEL = 0;
				GCC_PREPROCESSOR_DEFINITIONS = (
					"DEBUG=1",
					"$(inherited)",
				);
				GCC_WARN_64_TO_32_BIT_CONVERSION = YES;
				GCC_WARN_ABOUT_RETURN_TYPE = YES_ERROR;
				GCC_WARN_UNDECLARED_SELECTOR = YES;
				GCC_WARN_UNINITIALIZED_AUTOS = YES_AGGRESSIVE;
				GCC_WARN_UNUSED_FUNCTION = YES;
				GCC_WARN_UNUSED_VARIABLE = YES;
				IPHONEOS_DEPLOYMENT_TARGET = 14.0;
				MTL_ENABLE_DEBUG_INFO = INCLUDE_SOURCE;
				MTL_FAST_MATH = YES;
				ONLY_ACTIVE_ARCH = YES;
				SDKROOT = iphoneos;
				SWIFT_ACTIVE_COMPILATION_CONDITIONS = DEBUG;
				SWIFT_OPTIMIZATION_LEVEL = "-Onone";
			};
			name = Debug;
		};
		3D6E5ADC2934F97600A74B0F /* Release */ = {
			isa = XCBuildConfiguration;
			buildSettings = {
				ALWAYS_SEARCH_USER_PATHS = NO;
				CLANG_ANALYZER_NONNULL = YES;
				CLANG_ANALYZER_NUMBER_OBJECT_CONVERSION = YES_AGGRESSIVE;
				CLANG_CXX_LANGUAGE_STANDARD = "gnu++17";
				CLANG_ENABLE_MODULES = YES;
				CLANG_ENABLE_OBJC_ARC = YES;
				CLANG_ENABLE_OBJC_WEAK = YES;
				CLANG_WARN_BLOCK_CAPTURE_AUTORELEASING = YES;
				CLANG_WARN_BOOL_CONVERSION = YES;
				CLANG_WARN_COMMA = YES;
				CLANG_WARN_CONSTANT_CONVERSION = YES;
				CLANG_WARN_DEPRECATED_OBJC_IMPLEMENTATIONS = YES;
				CLANG_WARN_DIRECT_OBJC_ISA_USAGE = YES_ERROR;
				CLANG_WARN_DOCUMENTATION_COMMENTS = YES;
				CLANG_WARN_EMPTY_BODY = YES;
				CLANG_WARN_ENUM_CONVERSION = YES;
				CLANG_WARN_INFINITE_RECURSION = YES;
				CLANG_WARN_INT_CONVERSION = YES;
				CLANG_WARN_NON_LITERAL_NULL_CONVERSION = YES;
				CLANG_WARN_OBJC_IMPLICIT_RETAIN_SELF = YES;
				CLANG_WARN_OBJC_LITERAL_CONVERSION = YES;
				CLANG_WARN_OBJC_ROOT_CLASS = YES_ERROR;
				CLANG_WARN_QUOTED_INCLUDE_IN_FRAMEWORK_HEADER = YES;
				CLANG_WARN_RANGE_LOOP_ANALYSIS = YES;
				CLANG_WARN_STRICT_PROTOTYPES = YES;
				CLANG_WARN_SUSPICIOUS_MOVE = YES;
				CLANG_WARN_UNGUARDED_AVAILABILITY = YES_AGGRESSIVE;
				CLANG_WARN_UNREACHABLE_CODE = YES;
				CLANG_WARN__DUPLICATE_METHOD_MATCH = YES;
				COPY_PHASE_STRIP = NO;
				DEBUG_INFORMATION_FORMAT = "dwarf-with-dsym";
				ENABLE_NS_ASSERTIONS = NO;
				ENABLE_STRICT_OBJC_MSGSEND = YES;
				GCC_C_LANGUAGE_STANDARD = gnu11;
				GCC_NO_COMMON_BLOCKS = YES;
				GCC_WARN_64_TO_32_BIT_CONVERSION = YES;
				GCC_WARN_ABOUT_RETURN_TYPE = YES_ERROR;
				GCC_WARN_UNDECLARED_SELECTOR = YES;
				GCC_WARN_UNINITIALIZED_AUTOS = YES_AGGRESSIVE;
				GCC_WARN_UNUSED_FUNCTION = YES;
				GCC_WARN_UNUSED_VARIABLE = YES;
				IPHONEOS_DEPLOYMENT_TARGET = 14.0;
				MTL_ENABLE_DEBUG_INFO = NO;
				MTL_FAST_MATH = YES;
				SDKROOT = iphoneos;
				SWIFT_COMPILATION_MODE = wholemodule;
				SWIFT_OPTIMIZATION_LEVEL = "-O";
				VALIDATE_PRODUCT = YES;
			};
			name = Release;
		};
		3D6E5ADE2934F97600A74B0F /* Debug */ = {
			isa = XCBuildConfiguration;
			baseConfigurationReference = 17E6DA0388EA1AF9EA99C15D /* Pods-D-Chat.debug.xcconfig */;
			buildSettings = {
				ASSETCATALOG_COMPILER_APPICON_NAME = AppIcon;
				ASSETCATALOG_COMPILER_GLOBAL_ACCENT_COLOR_NAME = AccentColor;
				CODE_SIGN_STYLE = Automatic;
				CURRENT_PROJECT_VERSION = 1;
				GENERATE_INFOPLIST_FILE = YES;
				INFOPLIST_FILE = "D-Chat/Info.plist";
				INFOPLIST_KEY_UIApplicationSupportsIndirectInputEvents = YES;
				INFOPLIST_KEY_UILaunchStoryboardName = LaunchScreen;
				INFOPLIST_KEY_UIMainStoryboardFile = ChatTabViewController;
				INFOPLIST_KEY_UISupportedInterfaceOrientations_iPad = "UIInterfaceOrientationPortrait UIInterfaceOrientationPortraitUpsideDown UIInterfaceOrientationLandscapeLeft UIInterfaceOrientationLandscapeRight";
				INFOPLIST_KEY_UISupportedInterfaceOrientations_iPhone = "UIInterfaceOrientationPortrait UIInterfaceOrientationLandscapeLeft UIInterfaceOrientationLandscapeRight";
				IPHONEOS_DEPLOYMENT_TARGET = 14.0;
				LD_RUNPATH_SEARCH_PATHS = (
					"$(inherited)",
					"@executable_path/Frameworks",
				);
				MARKETING_VERSION = 1.0;
				PRODUCT_BUNDLE_IDENTIFIER = "Soushi-Tanaka.D-Chat";
				PRODUCT_NAME = "$(TARGET_NAME)";
				SWIFT_EMIT_LOC_STRINGS = YES;
				SWIFT_VERSION = 5.0;
				TARGETED_DEVICE_FAMILY = "1,2";
			};
			name = Debug;
		};
		3D6E5ADF2934F97600A74B0F /* Release */ = {
			isa = XCBuildConfiguration;
			baseConfigurationReference = 75C2A503E2EBFB964E1A6AC8 /* Pods-D-Chat.release.xcconfig */;
			buildSettings = {
				ASSETCATALOG_COMPILER_APPICON_NAME = AppIcon;
				ASSETCATALOG_COMPILER_GLOBAL_ACCENT_COLOR_NAME = AccentColor;
				CODE_SIGN_STYLE = Automatic;
				CURRENT_PROJECT_VERSION = 1;
				GENERATE_INFOPLIST_FILE = YES;
				INFOPLIST_FILE = "D-Chat/Info.plist";
				INFOPLIST_KEY_UIApplicationSupportsIndirectInputEvents = YES;
				INFOPLIST_KEY_UILaunchStoryboardName = LaunchScreen;
				INFOPLIST_KEY_UIMainStoryboardFile = ChatTabViewController;
				INFOPLIST_KEY_UISupportedInterfaceOrientations_iPad = "UIInterfaceOrientationPortrait UIInterfaceOrientationPortraitUpsideDown UIInterfaceOrientationLandscapeLeft UIInterfaceOrientationLandscapeRight";
				INFOPLIST_KEY_UISupportedInterfaceOrientations_iPhone = "UIInterfaceOrientationPortrait UIInterfaceOrientationLandscapeLeft UIInterfaceOrientationLandscapeRight";
				IPHONEOS_DEPLOYMENT_TARGET = 14.0;
				LD_RUNPATH_SEARCH_PATHS = (
					"$(inherited)",
					"@executable_path/Frameworks",
				);
				MARKETING_VERSION = 1.0;
				PRODUCT_BUNDLE_IDENTIFIER = "Soushi-Tanaka.D-Chat";
				PRODUCT_NAME = "$(TARGET_NAME)";
				SWIFT_EMIT_LOC_STRINGS = YES;
				SWIFT_VERSION = 5.0;
				TARGETED_DEVICE_FAMILY = "1,2";
			};
			name = Release;
		};
		3D6E5AE12934F97600A74B0F /* Debug */ = {
			isa = XCBuildConfiguration;
			baseConfigurationReference = 62772A687AAE05565C522068 /* Pods-D-ChatTests.debug.xcconfig */;
			buildSettings = {
				ALWAYS_EMBED_SWIFT_STANDARD_LIBRARIES = YES;
				BUNDLE_LOADER = "$(TEST_HOST)";
				CODE_SIGN_STYLE = Automatic;
				CURRENT_PROJECT_VERSION = 1;
				GENERATE_INFOPLIST_FILE = YES;
				IPHONEOS_DEPLOYMENT_TARGET = 14.0;
				MARKETING_VERSION = 1.0;
				PRODUCT_BUNDLE_IDENTIFIER = "Soushi-Tanaka.D-ChatTests";
				PRODUCT_NAME = "$(TARGET_NAME)";
				SWIFT_EMIT_LOC_STRINGS = NO;
				SWIFT_VERSION = 5.0;
				TARGETED_DEVICE_FAMILY = "1,2";
				TEST_HOST = "$(BUILT_PRODUCTS_DIR)/D-Chat.app/D-Chat";
			};
			name = Debug;
		};
		3D6E5AE22934F97600A74B0F /* Release */ = {
			isa = XCBuildConfiguration;
			baseConfigurationReference = 50B646757BE28E1BF10B9408 /* Pods-D-ChatTests.release.xcconfig */;
			buildSettings = {
				ALWAYS_EMBED_SWIFT_STANDARD_LIBRARIES = YES;
				BUNDLE_LOADER = "$(TEST_HOST)";
				CODE_SIGN_STYLE = Automatic;
				CURRENT_PROJECT_VERSION = 1;
				GENERATE_INFOPLIST_FILE = YES;
				IPHONEOS_DEPLOYMENT_TARGET = 14.0;
				MARKETING_VERSION = 1.0;
				PRODUCT_BUNDLE_IDENTIFIER = "Soushi-Tanaka.D-ChatTests";
				PRODUCT_NAME = "$(TARGET_NAME)";
				SWIFT_EMIT_LOC_STRINGS = NO;
				SWIFT_VERSION = 5.0;
				TARGETED_DEVICE_FAMILY = "1,2";
				TEST_HOST = "$(BUILT_PRODUCTS_DIR)/D-Chat.app/D-Chat";
			};
			name = Release;
		};
		3D6E5AE42934F97600A74B0F /* Debug */ = {
			isa = XCBuildConfiguration;
			baseConfigurationReference = C74FFEDF45D4E03B4A1AFD49 /* Pods-D-Chat-D-ChatUITests.debug.xcconfig */;
			buildSettings = {
				ALWAYS_EMBED_SWIFT_STANDARD_LIBRARIES = YES;
				CODE_SIGN_STYLE = Automatic;
				CURRENT_PROJECT_VERSION = 1;
				GENERATE_INFOPLIST_FILE = YES;
				MARKETING_VERSION = 1.0;
				PRODUCT_BUNDLE_IDENTIFIER = "Soushi-Tanaka.D-ChatUITests";
				PRODUCT_NAME = "$(TARGET_NAME)";
				SWIFT_EMIT_LOC_STRINGS = NO;
				SWIFT_VERSION = 5.0;
				TARGETED_DEVICE_FAMILY = "1,2";
				TEST_TARGET_NAME = "D-Chat";
			};
			name = Debug;
		};
		3D6E5AE52934F97600A74B0F /* Release */ = {
			isa = XCBuildConfiguration;
			baseConfigurationReference = 5A73634685960C21573010EE /* Pods-D-Chat-D-ChatUITests.release.xcconfig */;
			buildSettings = {
				ALWAYS_EMBED_SWIFT_STANDARD_LIBRARIES = YES;
				CODE_SIGN_STYLE = Automatic;
				CURRENT_PROJECT_VERSION = 1;
				GENERATE_INFOPLIST_FILE = YES;
				MARKETING_VERSION = 1.0;
				PRODUCT_BUNDLE_IDENTIFIER = "Soushi-Tanaka.D-ChatUITests";
				PRODUCT_NAME = "$(TARGET_NAME)";
				SWIFT_EMIT_LOC_STRINGS = NO;
				SWIFT_VERSION = 5.0;
				TARGETED_DEVICE_FAMILY = "1,2";
				TEST_TARGET_NAME = "D-Chat";
			};
			name = Release;
		};
/* End XCBuildConfiguration section */

/* Begin XCConfigurationList section */
		3D6E5AAE2934F97400A74B0F /* Build configuration list for PBXProject "D-Chat" */ = {
			isa = XCConfigurationList;
			buildConfigurations = (
				3D6E5ADB2934F97600A74B0F /* Debug */,
				3D6E5ADC2934F97600A74B0F /* Release */,
			);
			defaultConfigurationIsVisible = 0;
			defaultConfigurationName = Release;
		};
		3D6E5ADD2934F97600A74B0F /* Build configuration list for PBXNativeTarget "D-Chat" */ = {
			isa = XCConfigurationList;
			buildConfigurations = (
				3D6E5ADE2934F97600A74B0F /* Debug */,
				3D6E5ADF2934F97600A74B0F /* Release */,
			);
			defaultConfigurationIsVisible = 0;
			defaultConfigurationName = Release;
		};
		3D6E5AE02934F97600A74B0F /* Build configuration list for PBXNativeTarget "D-ChatTests" */ = {
			isa = XCConfigurationList;
			buildConfigurations = (
				3D6E5AE12934F97600A74B0F /* Debug */,
				3D6E5AE22934F97600A74B0F /* Release */,
			);
			defaultConfigurationIsVisible = 0;
			defaultConfigurationName = Release;
		};
		3D6E5AE32934F97600A74B0F /* Build configuration list for PBXNativeTarget "D-ChatUITests" */ = {
			isa = XCConfigurationList;
			buildConfigurations = (
				3D6E5AE42934F97600A74B0F /* Debug */,
				3D6E5AE52934F97600A74B0F /* Release */,
			);
			defaultConfigurationIsVisible = 0;
			defaultConfigurationName = Release;
		};
/* End XCConfigurationList section */
	};
	rootObject = 3D6E5AAB2934F97400A74B0F /* Project object */;
}
